
Microsoft Visual Studio Solution File, Format Version 12.00
# Visual Studio Version 16
VisualStudioVersion = 16.0.30204.135
MinimumVisualStudioVersion = 10.0.40219.1
Project("{9A19103F-16F7-4668-BE54-9A1E7A4F7556}") = "Netflix.Api.Movies", "src\Netflix.Api.Movies\Netflix.Api.Movies.csproj", "{86A75E1B-CF4F-44C7-8FA7-B52D3E379073}"
EndProject
Project("{9A19103F-16F7-4668-BE54-9A1E7A4F7556}") = "Netflix.Api.Rating", "src\Netflix.Api.Rating\Netflix.Api.Rating.csproj", "{6FF5D683-03E2-438A-8600-440BAB5CF5E4}"
EndProject
Project("{2150E333-8FDC-42A3-9474-1A3956D46DE8}") = "Apis", "Apis", "{EE0005CC-BEA8-425D-8791-237DE4BA2E42}"
EndProject
Project("{2150E333-8FDC-42A3-9474-1A3956D46DE8}") = "Workers", "Workers", "{7FC5E2D1-17EB-4FDB-BF76-09C918B02062}"
EndProject
Project("{2150E333-8FDC-42A3-9474-1A3956D46DE8}") = "Infrastructure", "Infrastructure", "{09247667-0701-402C-B680-0144B7D46B78}"
EndProject
Project("{9A19103F-16F7-4668-BE54-9A1E7A4F7556}") = "Netflix.Infrastructure.IoC", "src\Netflix.Infrastructure.IoC\Netflix.Infrastructure.IoC.csproj", "{EF014E96-34CB-417A-85E6-7B9C5C581E4D}"
EndProject
Project("{9A19103F-16F7-4668-BE54-9A1E7A4F7556}") = "Netflix.Infrastructure.Abstractions", "src\Netflix.Infrastructure.Abstractions\Netflix.Infrastructure.Abstractions.csproj", "{75EF3234-EC89-47BB-9BF2-3B9A3F84B9EF}"
EndProject
Project("{9A19103F-16F7-4668-BE54-9A1E7A4F7556}") = "Netflix.Infrastructure.Services", "src\Netflix.Infrastructure.Services\Netflix.Infrastructure.Services.csproj", "{65BF574F-E850-490C-869F-8C8EF42B8956}"
EndProject
Project("{2150E333-8FDC-42A3-9474-1A3956D46DE8}") = "Domain", "Domain", "{8306F7AE-2FC9-49F7-B3C2-F3D78012C144}"
EndProject
Project("{9A19103F-16F7-4668-BE54-9A1E7A4F7556}") = "Netflix.Domain", "src\Netflix.Domain\Netflix.Domain.csproj", "{CF939816-4817-4BE4-8EFF-A67C82A29D0A}"
EndProject
Project("{9A19103F-16F7-4668-BE54-9A1E7A4F7556}") = "Netflix.Worker.Discovey", "src\Netflix.Worker.Discovey\Netflix.Worker.Discovey.csproj", "{BFD21E3C-84D9-491E-A7D3-7A49DC69B42D}"
EndProject
Project("{9A19103F-16F7-4668-BE54-9A1E7A4F7556}") = "Netflix.Infrastructure.Messaging", "src\Netflix.Infrastructure.Messaging\Netflix.Infrastructure.Messaging.csproj", "{E38ADACB-A614-4520-BAAC-A82E5A405E21}"
EndProject
Project("{9A19103F-16F7-4668-BE54-9A1E7A4F7556}") = "Netflix.Infrastructure.DB", "src\Netflix.Infrastructure.DB\Netflix.Infrastructure.DB.csproj", "{2DF0F6C3-F012-4818-B788-F77F28947393}"
EndProject
Global
	GlobalSection(SolutionConfigurationPlatforms) = preSolution
		Debug|Any CPU = Debug|Any CPU
		Release|Any CPU = Release|Any CPU
	EndGlobalSection
	GlobalSection(ProjectConfigurationPlatforms) = postSolution
		{86A75E1B-CF4F-44C7-8FA7-B52D3E379073}.Debug|Any CPU.ActiveCfg = Debug|Any CPU
		{86A75E1B-CF4F-44C7-8FA7-B52D3E379073}.Debug|Any CPU.Build.0 = Debug|Any CPU
		{86A75E1B-CF4F-44C7-8FA7-B52D3E379073}.Release|Any CPU.ActiveCfg = Release|Any CPU
		{86A75E1B-CF4F-44C7-8FA7-B52D3E379073}.Release|Any CPU.Build.0 = Release|Any CPU
		{6FF5D683-03E2-438A-8600-440BAB5CF5E4}.Debug|Any CPU.ActiveCfg = Debug|Any CPU
		{6FF5D683-03E2-438A-8600-440BAB5CF5E4}.Debug|Any CPU.Build.0 = Debug|Any CPU
		{6FF5D683-03E2-438A-8600-440BAB5CF5E4}.Release|Any CPU.ActiveCfg = Release|Any CPU
		{6FF5D683-03E2-438A-8600-440BAB5CF5E4}.Release|Any CPU.Build.0 = Release|Any CPU
		{EF014E96-34CB-417A-85E6-7B9C5C581E4D}.Debug|Any CPU.ActiveCfg = Debug|Any CPU
		{EF014E96-34CB-417A-85E6-7B9C5C581E4D}.Debug|Any CPU.Build.0 = Debug|Any CPU
		{EF014E96-34CB-417A-85E6-7B9C5C581E4D}.Release|Any CPU.ActiveCfg = Release|Any CPU
		{EF014E96-34CB-417A-85E6-7B9C5C581E4D}.Release|Any CPU.Build.0 = Release|Any CPU
		{75EF3234-EC89-47BB-9BF2-3B9A3F84B9EF}.Debug|Any CPU.ActiveCfg = Debug|Any CPU
		{75EF3234-EC89-47BB-9BF2-3B9A3F84B9EF}.Debug|Any CPU.Build.0 = Debug|Any CPU
		{75EF3234-EC89-47BB-9BF2-3B9A3F84B9EF}.Release|Any CPU.ActiveCfg = Release|Any CPU
		{75EF3234-EC89-47BB-9BF2-3B9A3F84B9EF}.Release|Any CPU.Build.0 = Release|Any CPU
		{65BF574F-E850-490C-869F-8C8EF42B8956}.Debug|Any CPU.ActiveCfg = Debug|Any CPU
		{65BF574F-E850-490C-869F-8C8EF42B8956}.Debug|Any CPU.Build.0 = Debug|Any CPU
		{65BF574F-E850-490C-869F-8C8EF42B8956}.Release|Any CPU.ActiveCfg = Release|Any CPU
		{65BF574F-E850-490C-869F-8C8EF42B8956}.Release|Any CPU.Build.0 = Release|Any CPU
		{CF939816-4817-4BE4-8EFF-A67C82A29D0A}.Debug|Any CPU.ActiveCfg = Debug|Any CPU
		{CF939816-4817-4BE4-8EFF-A67C82A29D0A}.Debug|Any CPU.Build.0 = Debug|Any CPU
		{CF939816-4817-4BE4-8EFF-A67C82A29D0A}.Release|Any CPU.ActiveCfg = Release|Any CPU
		{CF939816-4817-4BE4-8EFF-A67C82A29D0A}.Release|Any CPU.Build.0 = Release|Any CPU
		{BFD21E3C-84D9-491E-A7D3-7A49DC69B42D}.Debug|Any CPU.ActiveCfg = Debug|Any CPU
		{BFD21E3C-84D9-491E-A7D3-7A49DC69B42D}.Debug|Any CPU.Build.0 = Debug|Any CPU
		{BFD21E3C-84D9-491E-A7D3-7A49DC69B42D}.Release|Any CPU.ActiveCfg = Release|Any CPU
		{BFD21E3C-84D9-491E-A7D3-7A49DC69B42D}.Release|Any CPU.Build.0 = Release|Any CPU
		{E38ADACB-A614-4520-BAAC-A82E5A405E21}.Debug|Any CPU.ActiveCfg = Debug|Any CPU
		{E38ADACB-A614-4520-BAAC-A82E5A405E21}.Debug|Any CPU.Build.0 = Debug|Any CPU
		{E38ADACB-A614-4520-BAAC-A82E5A405E21}.Release|Any CPU.ActiveCfg = Release|Any CPU
		{E38ADACB-A614-4520-BAAC-A82E5A405E21}.Release|Any CPU.Build.0 = Release|Any CPU
		{2DF0F6C3-F012-4818-B788-F77F28947393}.Debug|Any CPU.ActiveCfg = Debug|Any CPU
		{2DF0F6C3-F012-4818-B788-F77F28947393}.Debug|Any CPU.Build.0 = Debug|Any CPU
		{2DF0F6C3-F012-4818-B788-F77F28947393}.Release|Any CPU.ActiveCfg = Release|Any CPU
		{2DF0F6C3-F012-4818-B788-F77F28947393}.Release|Any CPU.Build.0 = Release|Any CPU
	EndGlobalSection
	GlobalSection(SolutionProperties) = preSolution
		HideSolutionNode = FALSE
	EndGlobalSection
	GlobalSection(NestedProjects) = preSolution
		{86A75E1B-CF4F-44C7-8FA7-B52D3E379073} = {EE0005CC-BEA8-425D-8791-237DE4BA2E42}
		{6FF5D683-03E2-438A-8600-440BAB5CF5E4} = {EE0005CC-BEA8-425D-8791-237DE4BA2E42}
		{EF014E96-34CB-417A-85E6-7B9C5C581E4D} = {09247667-0701-402C-B680-0144B7D46B78}
		{75EF3234-EC89-47BB-9BF2-3B9A3F84B9EF} = {09247667-0701-402C-B680-0144B7D46B78}
		{65BF574F-E850-490C-869F-8C8EF42B8956} = {09247667-0701-402C-B680-0144B7D46B78}
		{CF939816-4817-4BE4-8EFF-A67C82A29D0A} = {8306F7AE-2FC9-49F7-B3C2-F3D78012C144}
		{BFD21E3C-84D9-491E-A7D3-7A49DC69B42D} = {7FC5E2D1-17EB-4FDB-BF76-09C918B02062}
		{E38ADACB-A614-4520-BAAC-A82E5A405E21} = {09247667-0701-402C-B680-0144B7D46B78}
		{2DF0F6C3-F012-4818-B788-F77F28947393} = {09247667-0701-402C-B680-0144B7D46B78}
	EndGlobalSection
	GlobalSection(ExtensibilityGlobals) = postSolution
		SolutionGuid = {8B420B62-97F7-4E9A-AFB9-888DF657ABF7}
	EndGlobalSection
EndGlobal
